// !$*UTF8*$!
{
	archiveVersion = 1;
	classes = {
	};
	objectVersion = 55;
	objects = {

/* Begin PBXBuildFile section */
		514BC70027F9C0DF005D3CF7 /* TFLeftViewExt.swift in Sources */ = {isa = PBXBuildFile; fileRef = 514BC6FF27F9C0DF005D3CF7 /* TFLeftViewExt.swift */; };
		514BC70A27FACBC6005D3CF7 /* PasswordManager.swift in Sources */ = {isa = PBXBuildFile; fileRef = 514BC70927FACBC6005D3CF7 /* PasswordManager.swift */; };
		514BC70E27FAD468005D3CF7 /* UserAuthData.swift in Sources */ = {isa = PBXBuildFile; fileRef = 514BC70D27FAD468005D3CF7 /* UserAuthData.swift */; };
		514BC71127FAD96E005D3CF7 /* LoginError.swift in Sources */ = {isa = PBXBuildFile; fileRef = 514BC71027FAD96E005D3CF7 /* LoginError.swift */; };
		514BC72927FE0C7D005D3CF7 /* StackViewKinds.swift in Sources */ = {isa = PBXBuildFile; fileRef = 514BC72827FE0C7D005D3CF7 /* StackViewKinds.swift */; };
		514BC72D27FE0D9A005D3CF7 /* SignUpViewController.swift in Sources */ = {isa = PBXBuildFile; fileRef = 514BC72C27FE0D9A005D3CF7 /* SignUpViewController.swift */; };
		514BC72F27FE0DCC005D3CF7 /* SignUpView.swift in Sources */ = {isa = PBXBuildFile; fileRef = 514BC72E27FE0DCC005D3CF7 /* SignUpView.swift */; };
		514BC73127FE0DE1005D3CF7 /* SignUpInteractor.swift in Sources */ = {isa = PBXBuildFile; fileRef = 514BC73027FE0DE1005D3CF7 /* SignUpInteractor.swift */; };
		514BC73327FE0E0A005D3CF7 /* SignUpPresentor.swift in Sources */ = {isa = PBXBuildFile; fileRef = 514BC73227FE0E0A005D3CF7 /* SignUpPresentor.swift */; };
		514BC73527FE0E25005D3CF7 /* SignUpModel.swift in Sources */ = {isa = PBXBuildFile; fileRef = 514BC73427FE0E25005D3CF7 /* SignUpModel.swift */; };
		514BC73927FE37EE005D3CF7 /* UIViewExt.swift in Sources */ = {isa = PBXBuildFile; fileRef = 514BC73827FE37EE005D3CF7 /* UIViewExt.swift */; };
		514BC73B27FF1FF6005D3CF7 /* Coordinator.swift in Sources */ = {isa = PBXBuildFile; fileRef = 514BC73A27FF1FF6005D3CF7 /* Coordinator.swift */; };
		514BC73E2801AA09005D3CF7 /* ProfileViewController.swift in Sources */ = {isa = PBXBuildFile; fileRef = 514BC73D2801AA09005D3CF7 /* ProfileViewController.swift */; };
		514BC7402801AA24005D3CF7 /* ProfileView.swift in Sources */ = {isa = PBXBuildFile; fileRef = 514BC73F2801AA24005D3CF7 /* ProfileView.swift */; };
		514BC7422801AA32005D3CF7 /* ProfileInteractor.swift in Sources */ = {isa = PBXBuildFile; fileRef = 514BC7412801AA32005D3CF7 /* ProfileInteractor.swift */; };
		514BC7442801AA66005D3CF7 /* ProfilePresenter.swift in Sources */ = {isa = PBXBuildFile; fileRef = 514BC7432801AA66005D3CF7 /* ProfilePresenter.swift */; };
		514BC7462801AA8D005D3CF7 /* ProfileModel.swift in Sources */ = {isa = PBXBuildFile; fileRef = 514BC7452801AA8D005D3CF7 /* ProfileModel.swift */; };
		51511D3327F8D4090093D4B8 /* AppDelegate.swift in Sources */ = {isa = PBXBuildFile; fileRef = 51511D3227F8D4090093D4B8 /* AppDelegate.swift */; };
		51511D3527F8D4090093D4B8 /* SceneDelegate.swift in Sources */ = {isa = PBXBuildFile; fileRef = 51511D3427F8D4090093D4B8 /* SceneDelegate.swift */; };
		51511D3727F8D4090093D4B8 /* ViewController.swift in Sources */ = {isa = PBXBuildFile; fileRef = 51511D3627F8D4090093D4B8 /* ViewController.swift */; };
		51511D3A27F8D4090093D4B8 /* Main.storyboard in Resources */ = {isa = PBXBuildFile; fileRef = 51511D3827F8D4090093D4B8 /* Main.storyboard */; };
		51511D3C27F8D40F0093D4B8 /* Assets.xcassets in Resources */ = {isa = PBXBuildFile; fileRef = 51511D3B27F8D40F0093D4B8 /* Assets.xcassets */; };
		51511D3F27F8D40F0093D4B8 /* LaunchScreen.storyboard in Resources */ = {isa = PBXBuildFile; fileRef = 51511D3D27F8D40F0093D4B8 /* LaunchScreen.storyboard */; };
		51511D4D27F8D58E0093D4B8 /* SignInViewController.swift in Sources */ = {isa = PBXBuildFile; fileRef = 51511D4C27F8D58E0093D4B8 /* SignInViewController.swift */; };
		51511D4F27F8D5CA0093D4B8 /* SignInInteractor.swift in Sources */ = {isa = PBXBuildFile; fileRef = 51511D4E27F8D5CA0093D4B8 /* SignInInteractor.swift */; };
		51511D5127F8D5E50093D4B8 /* SignInPresenter.swift in Sources */ = {isa = PBXBuildFile; fileRef = 51511D5027F8D5E50093D4B8 /* SignInPresenter.swift */; };
		51511D5627F994A80093D4B8 /* SignInView.swift in Sources */ = {isa = PBXBuildFile; fileRef = 51511D5527F994A80093D4B8 /* SignInView.swift */; };
		516558C32827D404009E5D77 /* DescriptionView.swift in Sources */ = {isa = PBXBuildFile; fileRef = 516558C22827D404009E5D77 /* DescriptionView.swift */; };
		5189E4822804720B00A0CCBF /* SignInModels.swift in Sources */ = {isa = PBXBuildFile; fileRef = 5189E4812804720B00A0CCBF /* SignInModels.swift */; };
		5189E4842804A50D00A0CCBF /* UserDefaultExt.swift in Sources */ = {isa = PBXBuildFile; fileRef = 5189E4832804A50D00A0CCBF /* UserDefaultExt.swift */; };
		5189E488280C35AF00A0CCBF /* ProfileCoordinator.swift in Sources */ = {isa = PBXBuildFile; fileRef = 5189E487280C35AF00A0CCBF /* ProfileCoordinator.swift */; };
		5189E48A281017B100A0CCBF /* AuthorizationCoordinator.swift in Sources */ = {isa = PBXBuildFile; fileRef = 5189E489281017B100A0CCBF /* AuthorizationCoordinator.swift */; };
		5189E48C28250DB500A0CCBF /* NewsCell.swift in Sources */ = {isa = PBXBuildFile; fileRef = 5189E48B28250DB400A0CCBF /* NewsCell.swift */; };
		5189E48E282596B000A0CCBF /* NewsService.swift in Sources */ = {isa = PBXBuildFile; fileRef = 5189E48D282596B000A0CCBF /* NewsService.swift */; };
		5189E49128269CDB00A0CCBF /* NewsModel.swift in Sources */ = {isa = PBXBuildFile; fileRef = 5189E49028269CDB00A0CCBF /* NewsModel.swift */; };
/* End PBXBuildFile section */

/* Begin PBXFileReference section */
		514BC6FF27F9C0DF005D3CF7 /* TFLeftViewExt.swift */ = {isa = PBXFileReference; lastKnownFileType = sourcecode.swift; path = TFLeftViewExt.swift; sourceTree = "<group>"; };
		514BC70927FACBC6005D3CF7 /* PasswordManager.swift */ = {isa = PBXFileReference; lastKnownFileType = sourcecode.swift; path = PasswordManager.swift; sourceTree = "<group>"; };
		514BC70D27FAD468005D3CF7 /* UserAuthData.swift */ = {isa = PBXFileReference; lastKnownFileType = sourcecode.swift; path = UserAuthData.swift; sourceTree = "<group>"; };
		514BC71027FAD96E005D3CF7 /* LoginError.swift */ = {isa = PBXFileReference; lastKnownFileType = sourcecode.swift; path = LoginError.swift; sourceTree = "<group>"; };
		514BC72827FE0C7D005D3CF7 /* StackViewKinds.swift */ = {isa = PBXFileReference; lastKnownFileType = sourcecode.swift; path = StackViewKinds.swift; sourceTree = "<group>"; };
		514BC72C27FE0D9A005D3CF7 /* SignUpViewController.swift */ = {isa = PBXFileReference; lastKnownFileType = sourcecode.swift; path = SignUpViewController.swift; sourceTree = "<group>"; };
		514BC72E27FE0DCC005D3CF7 /* SignUpView.swift */ = {isa = PBXFileReference; lastKnownFileType = sourcecode.swift; path = SignUpView.swift; sourceTree = "<group>"; };
		514BC73027FE0DE1005D3CF7 /* SignUpInteractor.swift */ = {isa = PBXFileReference; lastKnownFileType = sourcecode.swift; path = SignUpInteractor.swift; sourceTree = "<group>"; };
		514BC73227FE0E0A005D3CF7 /* SignUpPresentor.swift */ = {isa = PBXFileReference; lastKnownFileType = sourcecode.swift; path = SignUpPresentor.swift; sourceTree = "<group>"; };
		514BC73427FE0E25005D3CF7 /* SignUpModel.swift */ = {isa = PBXFileReference; lastKnownFileType = sourcecode.swift; path = SignUpModel.swift; sourceTree = "<group>"; };
		514BC73827FE37EE005D3CF7 /* UIViewExt.swift */ = {isa = PBXFileReference; lastKnownFileType = sourcecode.swift; path = UIViewExt.swift; sourceTree = "<group>"; };
		514BC73A27FF1FF6005D3CF7 /* Coordinator.swift */ = {isa = PBXFileReference; lastKnownFileType = sourcecode.swift; path = Coordinator.swift; sourceTree = "<group>"; };
		514BC73D2801AA09005D3CF7 /* ProfileViewController.swift */ = {isa = PBXFileReference; lastKnownFileType = sourcecode.swift; path = ProfileViewController.swift; sourceTree = "<group>"; };
		514BC73F2801AA24005D3CF7 /* ProfileView.swift */ = {isa = PBXFileReference; lastKnownFileType = sourcecode.swift; path = ProfileView.swift; sourceTree = "<group>"; };
		514BC7412801AA32005D3CF7 /* ProfileInteractor.swift */ = {isa = PBXFileReference; lastKnownFileType = sourcecode.swift; path = ProfileInteractor.swift; sourceTree = "<group>"; };
		514BC7432801AA66005D3CF7 /* ProfilePresenter.swift */ = {isa = PBXFileReference; lastKnownFileType = sourcecode.swift; path = ProfilePresenter.swift; sourceTree = "<group>"; };
		514BC7452801AA8D005D3CF7 /* ProfileModel.swift */ = {isa = PBXFileReference; lastKnownFileType = sourcecode.swift; path = ProfileModel.swift; sourceTree = "<group>"; };
		51511D2F27F8D4090093D4B8 /* LoginCleanSwift.app */ = {isa = PBXFileReference; explicitFileType = wrapper.application; includeInIndex = 0; path = LoginCleanSwift.app; sourceTree = BUILT_PRODUCTS_DIR; };
		51511D3227F8D4090093D4B8 /* AppDelegate.swift */ = {isa = PBXFileReference; lastKnownFileType = sourcecode.swift; path = AppDelegate.swift; sourceTree = "<group>"; };
		51511D3427F8D4090093D4B8 /* SceneDelegate.swift */ = {isa = PBXFileReference; lastKnownFileType = sourcecode.swift; path = SceneDelegate.swift; sourceTree = "<group>"; };
		51511D3627F8D4090093D4B8 /* ViewController.swift */ = {isa = PBXFileReference; lastKnownFileType = sourcecode.swift; path = ViewController.swift; sourceTree = "<group>"; };
		51511D3927F8D4090093D4B8 /* Base */ = {isa = PBXFileReference; lastKnownFileType = file.storyboard; name = Base; path = Base.lproj/Main.storyboard; sourceTree = "<group>"; };
		51511D3B27F8D40F0093D4B8 /* Assets.xcassets */ = {isa = PBXFileReference; lastKnownFileType = folder.assetcatalog; path = Assets.xcassets; sourceTree = "<group>"; };
		51511D3E27F8D40F0093D4B8 /* Base */ = {isa = PBXFileReference; lastKnownFileType = file.storyboard; name = Base; path = Base.lproj/LaunchScreen.storyboard; sourceTree = "<group>"; };
		51511D4027F8D40F0093D4B8 /* Info.plist */ = {isa = PBXFileReference; lastKnownFileType = text.plist.xml; path = Info.plist; sourceTree = "<group>"; };
		51511D4C27F8D58E0093D4B8 /* SignInViewController.swift */ = {isa = PBXFileReference; lastKnownFileType = sourcecode.swift; path = SignInViewController.swift; sourceTree = "<group>"; };
		51511D4E27F8D5CA0093D4B8 /* SignInInteractor.swift */ = {isa = PBXFileReference; lastKnownFileType = sourcecode.swift; path = SignInInteractor.swift; sourceTree = "<group>"; };
		51511D5027F8D5E50093D4B8 /* SignInPresenter.swift */ = {isa = PBXFileReference; lastKnownFileType = sourcecode.swift; path = SignInPresenter.swift; sourceTree = "<group>"; };
		51511D5527F994A80093D4B8 /* SignInView.swift */ = {isa = PBXFileReference; lastKnownFileType = sourcecode.swift; path = SignInView.swift; sourceTree = "<group>"; };
		516558C22827D404009E5D77 /* DescriptionView.swift */ = {isa = PBXFileReference; lastKnownFileType = sourcecode.swift; path = DescriptionView.swift; sourceTree = "<group>"; };
		5189E4812804720B00A0CCBF /* SignInModels.swift */ = {isa = PBXFileReference; fileEncoding = 4; lastKnownFileType = sourcecode.swift; path = SignInModels.swift; sourceTree = "<group>"; };
		5189E4832804A50D00A0CCBF /* UserDefaultExt.swift */ = {isa = PBXFileReference; lastKnownFileType = sourcecode.swift; path = UserDefaultExt.swift; sourceTree = "<group>"; };
		5189E487280C35AF00A0CCBF /* ProfileCoordinator.swift */ = {isa = PBXFileReference; lastKnownFileType = sourcecode.swift; path = ProfileCoordinator.swift; sourceTree = "<group>"; };
		5189E489281017B100A0CCBF /* AuthorizationCoordinator.swift */ = {isa = PBXFileReference; lastKnownFileType = sourcecode.swift; path = AuthorizationCoordinator.swift; sourceTree = "<group>"; };
		5189E48B28250DB400A0CCBF /* NewsCell.swift */ = {isa = PBXFileReference; lastKnownFileType = sourcecode.swift; path = NewsCell.swift; sourceTree = "<group>"; };
		5189E48D282596B000A0CCBF /* NewsService.swift */ = {isa = PBXFileReference; lastKnownFileType = sourcecode.swift; path = NewsService.swift; sourceTree = "<group>"; };
		5189E49028269CDB00A0CCBF /* NewsModel.swift */ = {isa = PBXFileReference; lastKnownFileType = sourcecode.swift; path = NewsModel.swift; sourceTree = "<group>"; };
/* End PBXFileReference section */

/* Begin PBXFrameworksBuildPhase section */
		51511D2C27F8D4090093D4B8 /* Frameworks */ = {
			isa = PBXFrameworksBuildPhase;
			buildActionMask = 2147483647;
			files = (
			);
			runOnlyForDeploymentPostprocessing = 0;
		};
/* End PBXFrameworksBuildPhase section */

/* Begin PBXGroup section */
		514BC6FC27F9BEBD005D3CF7 /* Extension */ = {
			isa = PBXGroup;
			children = (
				514BC73827FE37EE005D3CF7 /* UIViewExt.swift */,
				514BC6FF27F9C0DF005D3CF7 /* TFLeftViewExt.swift */,
				5189E4832804A50D00A0CCBF /* UserDefaultExt.swift */,
			);
			path = Extension;
			sourceTree = "<group>";
		};
		514BC70F27FAD911005D3CF7 /* PasswordManager */ = {
			isa = PBXGroup;
			children = (
				514BC70927FACBC6005D3CF7 /* PasswordManager.swift */,
				514BC70D27FAD468005D3CF7 /* UserAuthData.swift */,
				514BC71027FAD96E005D3CF7 /* LoginError.swift */,
			);
			path = PasswordManager;
			sourceTree = "<group>";
		};
		514BC72A27FE0C8C005D3CF7 /* SignUpScene */ = {
			isa = PBXGroup;
			children = (
				514BC72E27FE0DCC005D3CF7 /* SignUpView.swift */,
				514BC72C27FE0D9A005D3CF7 /* SignUpViewController.swift */,
				514BC73027FE0DE1005D3CF7 /* SignUpInteractor.swift */,
				514BC73227FE0E0A005D3CF7 /* SignUpPresentor.swift */,
				514BC73427FE0E25005D3CF7 /* SignUpModel.swift */,
			);
			path = SignUpScene;
			sourceTree = "<group>";
		};
		514BC72B27FE0CBD005D3CF7 /* Helper */ = {
			isa = PBXGroup;
			children = (
				514BC72827FE0C7D005D3CF7 /* StackViewKinds.swift */,
				516558C22827D404009E5D77 /* DescriptionView.swift */,
			);
			path = Helper;
			sourceTree = "<group>";
		};
		514BC73C2801A9BE005D3CF7 /* ProfileScene */ = {
			isa = PBXGroup;
			children = (
				5189E48B28250DB400A0CCBF /* NewsCell.swift */,
				514BC73F2801AA24005D3CF7 /* ProfileView.swift */,
				514BC73D2801AA09005D3CF7 /* ProfileViewController.swift */,
				514BC7412801AA32005D3CF7 /* ProfileInteractor.swift */,
				514BC7432801AA66005D3CF7 /* ProfilePresenter.swift */,
				514BC7452801AA8D005D3CF7 /* ProfileModel.swift */,
			);
			path = ProfileScene;
			sourceTree = "<group>";
		};
		51511D2627F8D4090093D4B8 = {
			isa = PBXGroup;
			children = (
				51511D3127F8D4090093D4B8 /* LoginCleanSwift */,
				51511D3027F8D4090093D4B8 /* Products */,
			);
			sourceTree = "<group>";
		};
		51511D3027F8D4090093D4B8 /* Products */ = {
			isa = PBXGroup;
			children = (
				51511D2F27F8D4090093D4B8 /* LoginCleanSwift.app */,
			);
			name = Products;
			sourceTree = "<group>";
		};
		51511D3127F8D4090093D4B8 /* LoginCleanSwift */ = {
			isa = PBXGroup;
			children = (
				514BC73A27FF1FF6005D3CF7 /* Coordinator.swift */,
				5189E489281017B100A0CCBF /* AuthorizationCoordinator.swift */,
				5189E487280C35AF00A0CCBF /* ProfileCoordinator.swift */,
				51511D4B27F8D5580093D4B8 /* SignInScene */,
				514BC72A27FE0C8C005D3CF7 /* SignUpScene */,
				514BC73C2801A9BE005D3CF7 /* ProfileScene */,
				5189E48F282596B700A0CCBF /* API */,
				514BC6FC27F9BEBD005D3CF7 /* Extension */,
				514BC70F27FAD911005D3CF7 /* PasswordManager */,
				514BC72B27FE0CBD005D3CF7 /* Helper */,
				51511D3227F8D4090093D4B8 /* AppDelegate.swift */,
				51511D3427F8D4090093D4B8 /* SceneDelegate.swift */,
				51511D3627F8D4090093D4B8 /* ViewController.swift */,
				51511D3827F8D4090093D4B8 /* Main.storyboard */,
				51511D3B27F8D40F0093D4B8 /* Assets.xcassets */,
				51511D3D27F8D40F0093D4B8 /* LaunchScreen.storyboard */,
				51511D4027F8D40F0093D4B8 /* Info.plist */,
			);
			path = LoginCleanSwift;
			sourceTree = "<group>";
		};
		51511D4B27F8D5580093D4B8 /* SignInScene */ = {
			isa = PBXGroup;
			children = (
				51511D5527F994A80093D4B8 /* SignInView.swift */,
				51511D4C27F8D58E0093D4B8 /* SignInViewController.swift */,
				51511D4E27F8D5CA0093D4B8 /* SignInInteractor.swift */,
				51511D5027F8D5E50093D4B8 /* SignInPresenter.swift */,
				5189E4812804720B00A0CCBF /* SignInModels.swift */,
			);
			path = SignInScene;
			sourceTree = "<group>";
		};
		5189E48F282596B700A0CCBF /* API */ = {
			isa = PBXGroup;
			children = (
				5189E48D282596B000A0CCBF /* NewsService.swift */,
				5189E49028269CDB00A0CCBF /* NewsModel.swift */,
			);
			path = API;
			sourceTree = "<group>";
		};
/* End PBXGroup section */

/* Begin PBXNativeTarget section */
		51511D2E27F8D4090093D4B8 /* LoginCleanSwift */ = {
			isa = PBXNativeTarget;
			buildConfigurationList = 51511D4327F8D40F0093D4B8 /* Build configuration list for PBXNativeTarget "LoginCleanSwift" */;
			buildPhases = (
				51511D2B27F8D4090093D4B8 /* Sources */,
				51511D2C27F8D4090093D4B8 /* Frameworks */,
				51511D2D27F8D4090093D4B8 /* Resources */,
			);
			buildRules = (
			);
			dependencies = (
			);
			name = LoginCleanSwift;
			productName = LoginCleanSwift;
			productReference = 51511D2F27F8D4090093D4B8 /* LoginCleanSwift.app */;
			productType = "com.apple.product-type.application";
		};
/* End PBXNativeTarget section */

/* Begin PBXProject section */
		51511D2727F8D4090093D4B8 /* Project object */ = {
			isa = PBXProject;
			attributes = {
				BuildIndependentTargetsInParallel = 1;
				LastSwiftUpdateCheck = 1320;
				LastUpgradeCheck = 1320;
				TargetAttributes = {
					51511D2E27F8D4090093D4B8 = {
						CreatedOnToolsVersion = 13.2.1;
					};
				};
			};
			buildConfigurationList = 51511D2A27F8D4090093D4B8 /* Build configuration list for PBXProject "LoginCleanSwift" */;
			compatibilityVersion = "Xcode 13.0";
			developmentRegion = en;
			hasScannedForEncodings = 0;
			knownRegions = (
				en,
				Base,
			);
			mainGroup = 51511D2627F8D4090093D4B8;
			productRefGroup = 51511D3027F8D4090093D4B8 /* Products */;
			projectDirPath = "";
			projectRoot = "";
			targets = (
				51511D2E27F8D4090093D4B8 /* LoginCleanSwift */,
			);
		};
/* End PBXProject section */

/* Begin PBXResourcesBuildPhase section */
		51511D2D27F8D4090093D4B8 /* Resources */ = {
			isa = PBXResourcesBuildPhase;
			buildActionMask = 2147483647;
			files = (
				51511D3F27F8D40F0093D4B8 /* LaunchScreen.storyboard in Resources */,
				51511D3C27F8D40F0093D4B8 /* Assets.xcassets in Resources */,
				51511D3A27F8D4090093D4B8 /* Main.storyboard in Resources */,
			);
			runOnlyForDeploymentPostprocessing = 0;
		};
/* End PBXResourcesBuildPhase section */

/* Begin PBXSourcesBuildPhase section */
		51511D2B27F8D4090093D4B8 /* Sources */ = {
			isa = PBXSourcesBuildPhase;
			buildActionMask = 2147483647;
			files = (
				5189E48E282596B000A0CCBF /* NewsService.swift in Sources */,
				51511D5127F8D5E50093D4B8 /* SignInPresenter.swift in Sources */,
				514BC72F27FE0DCC005D3CF7 /* SignUpView.swift in Sources */,
				514BC7442801AA66005D3CF7 /* ProfilePresenter.swift in Sources */,
				514BC73127FE0DE1005D3CF7 /* SignUpInteractor.swift in Sources */,
				5189E48C28250DB500A0CCBF /* NewsCell.swift in Sources */,
				514BC73527FE0E25005D3CF7 /* SignUpModel.swift in Sources */,
				514BC7462801AA8D005D3CF7 /* ProfileModel.swift in Sources */,
				51511D4D27F8D58E0093D4B8 /* SignInViewController.swift in Sources */,
				514BC71127FAD96E005D3CF7 /* LoginError.swift in Sources */,
				5189E49128269CDB00A0CCBF /* NewsModel.swift in Sources */,
				5189E488280C35AF00A0CCBF /* ProfileCoordinator.swift in Sources */,
				514BC70027F9C0DF005D3CF7 /* TFLeftViewExt.swift in Sources */,
				514BC70A27FACBC6005D3CF7 /* PasswordManager.swift in Sources */,
				514BC72927FE0C7D005D3CF7 /* StackViewKinds.swift in Sources */,
				516558C32827D404009E5D77 /* DescriptionView.swift in Sources */,
				51511D4F27F8D5CA0093D4B8 /* SignInInteractor.swift in Sources */,
				514BC7422801AA32005D3CF7 /* ProfileInteractor.swift in Sources */,
				514BC73927FE37EE005D3CF7 /* UIViewExt.swift in Sources */,
				5189E4822804720B00A0CCBF /* SignInModels.swift in Sources */,
				514BC73B27FF1FF6005D3CF7 /* Coordinator.swift in Sources */,
				514BC72D27FE0D9A005D3CF7 /* SignUpViewController.swift in Sources */,
				51511D3727F8D4090093D4B8 /* ViewController.swift in Sources */,
				5189E4842804A50D00A0CCBF /* UserDefaultExt.swift in Sources */,
				514BC70E27FAD468005D3CF7 /* UserAuthData.swift in Sources */,
				51511D3327F8D4090093D4B8 /* AppDelegate.swift in Sources */,
				514BC73327FE0E0A005D3CF7 /* SignUpPresentor.swift in Sources */,
				514BC73E2801AA09005D3CF7 /* ProfileViewController.swift in Sources */,
				51511D5627F994A80093D4B8 /* SignInView.swift in Sources */,
				514BC7402801AA24005D3CF7 /* ProfileView.swift in Sources */,
				5189E48A281017B100A0CCBF /* AuthorizationCoordinator.swift in Sources */,
				51511D3527F8D4090093D4B8 /* SceneDelegate.swift in Sources */,
			);
			runOnlyForDeploymentPostprocessing = 0;
		};
/* End PBXSourcesBuildPhase section */

/* Begin PBXVariantGroup section */
		51511D3827F8D4090093D4B8 /* Main.storyboard */ = {
			isa = PBXVariantGroup;
			children = (
				51511D3927F8D4090093D4B8 /* Base */,
			);
			name = Main.storyboard;
			sourceTree = "<group>";
		};
		51511D3D27F8D40F0093D4B8 /* LaunchScreen.storyboard */ = {
			isa = PBXVariantGroup;
			children = (
				51511D3E27F8D40F0093D4B8 /* Base */,
			);
			name = LaunchScreen.storyboard;
			sourceTree = "<group>";
		};
/* End PBXVariantGroup section */

/* Begin XCBuildConfiguration section */
		51511D4127F8D40F0093D4B8 /* Debug */ = {
			isa = XCBuildConfiguration;
			buildSettings = {
				ALWAYS_SEARCH_USER_PATHS = NO;
				CLANG_ANALYZER_NONNULL = YES;
				CLANG_ANALYZER_NUMBER_OBJECT_CONVERSION = YES_AGGRESSIVE;
				CLANG_CXX_LANGUAGE_STANDARD = "gnu++17";
				CLANG_CXX_LIBRARY = "libc++";
				CLANG_ENABLE_MODULES = YES;
				CLANG_ENABLE_OBJC_ARC = YES;
				CLANG_ENABLE_OBJC_WEAK = YES;
				CLANG_WARN_BLOCK_CAPTURE_AUTORELEASING = YES;
				CLANG_WARN_BOOL_CONVERSION = YES;
				CLANG_WARN_COMMA = YES;
				CLANG_WARN_CONSTANT_CONVERSION = YES;
				CLANG_WARN_DEPRECATED_OBJC_IMPLEMENTATIONS = YES;
				CLANG_WARN_DIRECT_OBJC_ISA_USAGE = YES_ERROR;
				CLANG_WARN_DOCUMENTATION_COMMENTS = YES;
				CLANG_WARN_EMPTY_BODY = YES;
				CLANG_WARN_ENUM_CONVERSION = YES;
				CLANG_WARN_INFINITE_RECURSION = YES;
				CLANG_WARN_INT_CONVERSION = YES;
				CLANG_WARN_NON_LITERAL_NULL_CONVERSION = YES;
				CLANG_WARN_OBJC_IMPLICIT_RETAIN_SELF = YES;
				CLANG_WARN_OBJC_LITERAL_CONVERSION = YES;
				CLANG_WARN_OBJC_ROOT_CLASS = YES_ERROR;
				CLANG_WARN_QUOTED_INCLUDE_IN_FRAMEWORK_HEADER = YES;
				CLANG_WARN_RANGE_LOOP_ANALYSIS = YES;
				CLANG_WARN_STRICT_PROTOTYPES = YES;
				CLANG_WARN_SUSPICIOUS_MOVE = YES;
				CLANG_WARN_UNGUARDED_AVAILABILITY = YES_AGGRESSIVE;
				CLANG_WARN_UNREACHABLE_CODE = YES;
				CLANG_WARN__DUPLICATE_METHOD_MATCH = YES;
				COPY_PHASE_STRIP = NO;
				DEBUG_INFORMATION_FORMAT = dwarf;
				ENABLE_STRICT_OBJC_MSGSEND = YES;
				ENABLE_TESTABILITY = YES;
				GCC_C_LANGUAGE_STANDARD = gnu11;
				GCC_DYNAMIC_NO_PIC = NO;
				GCC_NO_COMMON_BLOCKS = YES;
				GCC_OPTIMIZATION_LEVEL = 0;
				GCC_PREPROCESSOR_DEFINITIONS = (
					"DEBUG=1",
					"$(inherited)",
				);
				GCC_WARN_64_TO_32_BIT_CONVERSION = YES;
				GCC_WARN_ABOUT_RETURN_TYPE = YES_ERROR;
				GCC_WARN_UNDECLARED_SELECTOR = YES;
				GCC_WARN_UNINITIALIZED_AUTOS = YES_AGGRESSIVE;
				GCC_WARN_UNUSED_FUNCTION = YES;
				GCC_WARN_UNUSED_VARIABLE = YES;
				IPHONEOS_DEPLOYMENT_TARGET = 15.2;
				MTL_ENABLE_DEBUG_INFO = INCLUDE_SOURCE;
				MTL_FAST_MATH = YES;
				ONLY_ACTIVE_ARCH = YES;
				SDKROOT = iphoneos;
				SWIFT_ACTIVE_COMPILATION_CONDITIONS = DEBUG;
				SWIFT_OPTIMIZATION_LEVEL = "-Onone";
			};
			name = Debug;
		};
		51511D4227F8D40F0093D4B8 /* Release */ = {
			isa = XCBuildConfiguration;
			buildSettings = {
				ALWAYS_SEARCH_USER_PATHS = NO;
				CLANG_ANALYZER_NONNULL = YES;
				CLANG_ANALYZER_NUMBER_OBJECT_CONVERSION = YES_AGGRESSIVE;
				CLANG_CXX_LANGUAGE_STANDARD = "gnu++17";
				CLANG_CXX_LIBRARY = "libc++";
				CLANG_ENABLE_MODULES = YES;
				CLANG_ENABLE_OBJC_ARC = YES;
				CLANG_ENABLE_OBJC_WEAK = YES;
				CLANG_WARN_BLOCK_CAPTURE_AUTORELEASING = YES;
				CLANG_WARN_BOOL_CONVERSION = YES;
				CLANG_WARN_COMMA = YES;
				CLANG_WARN_CONSTANT_CONVERSION = YES;
				CLANG_WARN_DEPRECATED_OBJC_IMPLEMENTATIONS = YES;
				CLANG_WARN_DIRECT_OBJC_ISA_USAGE = YES_ERROR;
				CLANG_WARN_DOCUMENTATION_COMMENTS = YES;
				CLANG_WARN_EMPTY_BODY = YES;
				CLANG_WARN_ENUM_CONVERSION = YES;
				CLANG_WARN_INFINITE_RECURSION = YES;
				CLANG_WARN_INT_CONVERSION = YES;
				CLANG_WARN_NON_LITERAL_NULL_CONVERSION = YES;
				CLANG_WARN_OBJC_IMPLICIT_RETAIN_SELF = YES;
				CLANG_WARN_OBJC_LITERAL_CONVERSION = YES;
				CLANG_WARN_OBJC_ROOT_CLASS = YES_ERROR;
				CLANG_WARN_QUOTED_INCLUDE_IN_FRAMEWORK_HEADER = YES;
				CLANG_WARN_RANGE_LOOP_ANALYSIS = YES;
				CLANG_WARN_STRICT_PROTOTYPES = YES;
				CLANG_WARN_SUSPICIOUS_MOVE = YES;
				CLANG_WARN_UNGUARDED_AVAILABILITY = YES_AGGRESSIVE;
				CLANG_WARN_UNREACHABLE_CODE = YES;
				CLANG_WARN__DUPLICATE_METHOD_MATCH = YES;
				COPY_PHASE_STRIP = NO;
				DEBUG_INFORMATION_FORMAT = "dwarf-with-dsym";
				ENABLE_NS_ASSERTIONS = NO;
				ENABLE_STRICT_OBJC_MSGSEND = YES;
				GCC_C_LANGUAGE_STANDARD = gnu11;
				GCC_NO_COMMON_BLOCKS = YES;
				GCC_WARN_64_TO_32_BIT_CONVERSION = YES;
				GCC_WARN_ABOUT_RETURN_TYPE = YES_ERROR;
				GCC_WARN_UNDECLARED_SELECTOR = YES;
				GCC_WARN_UNINITIALIZED_AUTOS = YES_AGGRESSIVE;
				GCC_WARN_UNUSED_FUNCTION = YES;
				GCC_WARN_UNUSED_VARIABLE = YES;
				IPHONEOS_DEPLOYMENT_TARGET = 15.2;
				MTL_ENABLE_DEBUG_INFO = NO;
				MTL_FAST_MATH = YES;
				SDKROOT = iphoneos;
				SWIFT_COMPILATION_MODE = wholemodule;
				SWIFT_OPTIMIZATION_LEVEL = "-O";
				VALIDATE_PRODUCT = YES;
			};
			name = Release;
		};
		51511D4427F8D40F0093D4B8 /* Debug */ = {
			isa = XCBuildConfiguration;
			buildSettings = {
				ASSETCATALOG_COMPILER_APPICON_NAME = AppIcon;
				ASSETCATALOG_COMPILER_GLOBAL_ACCENT_COLOR_NAME = AccentColor;
				CODE_SIGN_STYLE = Automatic;
				CURRENT_PROJECT_VERSION = 1;
				DEVELOPMENT_TEAM = 2QLF863Z9F;
				GENERATE_INFOPLIST_FILE = YES;
				INFOPLIST_FILE = LoginCleanSwift/Info.plist;
				INFOPLIST_KEY_UIApplicationSupportsIndirectInputEvents = YES;
				INFOPLIST_KEY_UILaunchStoryboardName = LaunchScreen;
				INFOPLIST_KEY_UIMainStoryboardFile = Main;
				INFOPLIST_KEY_UISupportedInterfaceOrientations_iPad = "UIInterfaceOrientationPortrait UIInterfaceOrientationPortraitUpsideDown UIInterfaceOrientationLandscapeLeft UIInterfaceOrientationLandscapeRight";
				INFOPLIST_KEY_UISupportedInterfaceOrientations_iPhone = "UIInterfaceOrientationPortrait UIInterfaceOrientationLandscapeLeft UIInterfaceOrientationLandscapeRight";
				LD_RUNPATH_SEARCH_PATHS = (
					"$(inherited)",
					"@executable_path/Frameworks",
				);
				MARKETING_VERSION = 1.0;
				PRODUCT_BUNDLE_IDENTIFIER = com.valdi.yushkov.LoginCleanSwift;
				PRODUCT_NAME = "$(TARGET_NAME)";
				SWIFT_EMIT_LOC_STRINGS = YES;
				SWIFT_VERSION = 5.0;
				TARGETED_DEVICE_FAMILY = "1,2";
			};
			name = Debug;
		};
		51511D4527F8D40F0093D4B8 /* Release */ = {
			isa = XCBuildConfiguration;
			buildSettings = {
				ASSETCATALOG_COMPILER_APPICON_NAME = AppIcon;
				ASSETCATALOG_COMPILER_GLOBAL_ACCENT_COLOR_NAME = AccentColor;
				CODE_SIGN_STYLE = Automatic;
				CURRENT_PROJECT_VERSION = 1;
				DEVELOPMENT_TEAM = 2QLF863Z9F;
				GENERATE_INFOPLIST_FILE = YES;
				INFOPLIST_FILE = LoginCleanSwift/Info.plist;
				INFOPLIST_KEY_UIApplicationSupportsIndirectInputEvents = YES;
				INFOPLIST_KEY_UILaunchStoryboardName = LaunchScreen;
				INFOPLIST_KEY_UIMainStoryboardFile = Main;
				INFOPLIST_KEY_UISupportedInterfaceOrientations_iPad = "UIInterfaceOrientationPortrait UIInterfaceOrientationPortraitUpsideDown UIInterfaceOrientationLandscapeLeft UIInterfaceOrientationLandscapeRight";
				INFOPLIST_KEY_UISupportedInterfaceOrientations_iPhone = "UIInterfaceOrientationPortrait UIInterfaceOrientationLandscapeLeft UIInterfaceOrientationLandscapeRight";
				LD_RUNPATH_SEARCH_PATHS = (
					"$(inherited)",
					"@executable_path/Frameworks",
				);
				MARKETING_VERSION = 1.0;
				PRODUCT_BUNDLE_IDENTIFIER = com.valdi.yushkov.LoginCleanSwift;
				PRODUCT_NAME = "$(TARGET_NAME)";
				SWIFT_EMIT_LOC_STRINGS = YES;
				SWIFT_VERSION = 5.0;
				TARGETED_DEVICE_FAMILY = "1,2";
			};
			name = Release;
		};
/* End XCBuildConfiguration section */

/* Begin XCConfigurationList section */
		51511D2A27F8D4090093D4B8 /* Build configuration list for PBXProject "LoginCleanSwift" */ = {
			isa = XCConfigurationList;
			buildConfigurations = (
				51511D4127F8D40F0093D4B8 /* Debug */,
				51511D4227F8D40F0093D4B8 /* Release */,
			);
			defaultConfigurationIsVisible = 0;
			defaultConfigurationName = Release;
		};
		51511D4327F8D40F0093D4B8 /* Build configuration list for PBXNativeTarget "LoginCleanSwift" */ = {
			isa = XCConfigurationList;
			buildConfigurations = (
				51511D4427F8D40F0093D4B8 /* Debug */,
				51511D4527F8D40F0093D4B8 /* Release */,
			);
			defaultConfigurationIsVisible = 0;
			defaultConfigurationName = Release;
		};
/* End XCConfigurationList section */
	};
	rootObject = 51511D2727F8D4090093D4B8 /* Project object */;
}
